
Microsoft Visual Studio Solution File, Format Version 12.00
# Visual Studio Version 17
VisualStudioVersion = 17.13.35913.81 d17.13
MinimumVisualStudioVersion = 10.0.40219.1
Project("{FAE04EC0-301F-11D3-BF4B-00C04F79EFBC}") = "z1", "z1\z1.csproj", "{11776CFC-DC04-4AD2-99D7-2963B8C2E8E4}"
EndProject
Project("{FAE04EC0-301F-11D3-BF4B-00C04F79EFBC}") = "z2", "z2\z2.csproj", "{030538A7-B762-4D08-A775-F9B617270DB7}"
EndProject
Project("{FAE04EC0-301F-11D3-BF4B-00C04F79EFBC}") = "z3", "z3\z3.csproj", "{35173F80-C7CA-4BD1-8AAD-852986D3A289}"
EndProject
Global
	GlobalSection(SolutionConfigurationPlatforms) = preSolution
		Debug|Any CPU = Debug|Any CPU
		Release|Any CPU = Release|Any CPU
	EndGlobalSection
	GlobalSection(ProjectConfigurationPlatforms) = postSolution
		{11776CFC-DC04-4AD2-99D7-2963B8C2E8E4}.Debug|Any CPU.ActiveCfg = Debug|Any CPU
		{11776CFC-DC04-4AD2-99D7-2963B8C2E8E4}.Debug|Any CPU.Build.0 = Debug|Any CPU
		{11776CFC-DC04-4AD2-99D7-2963B8C2E8E4}.Release|Any CPU.ActiveCfg = Release|Any CPU
		{11776CFC-DC04-4AD2-99D7-2963B8C2E8E4}.Release|Any CPU.Build.0 = Release|Any CPU
		{030538A7-B762-4D08-A775-F9B617270DB7}.Debug|Any CPU.ActiveCfg = Debug|Any CPU
		{030538A7-B762-4D08-A775-F9B617270DB7}.Debug|Any CPU.Build.0 = Debug|Any CPU
		{030538A7-B762-4D08-A775-F9B617270DB7}.Release|Any CPU.ActiveCfg = Release|Any CPU
		{030538A7-B762-4D08-A775-F9B617270DB7}.Release|Any CPU.Build.0 = Release|Any CPU
		{35173F80-C7CA-4BD1-8AAD-852986D3A289}.Debug|Any CPU.ActiveCfg = Debug|Any CPU
		{35173F80-C7CA-4BD1-8AAD-852986D3A289}.Debug|Any CPU.Build.0 = Debug|Any CPU
		{35173F80-C7CA-4BD1-8AAD-852986D3A289}.Release|Any CPU.ActiveCfg = Release|Any CPU
		{35173F80-C7CA-4BD1-8AAD-852986D3A289}.Release|Any CPU.Build.0 = Release|Any CPU
	EndGlobalSection
	GlobalSection(SolutionProperties) = preSolution
		HideSolutionNode = FALSE
	EndGlobalSection
	GlobalSection(ExtensibilityGlobals) = postSolution
		SolutionGuid = {910DBD0F-3C77-4737-B0CC-57EC48693E86}
	EndGlobalSection
EndGlobal
